// !$*UTF8*$!
{
	archiveVersion = 1;
	classes = {
	};
	objectVersion = 50;
	objects = {

/* Begin PBXBuildFile section */
		BFEB463C267503DA003004F0 /* AppDelegate.swift in Sources */ = {isa = PBXBuildFile; fileRef = BFEB463B267503DA003004F0 /* AppDelegate.swift */; };
		BFEB463E267503DA003004F0 /* SceneDelegate.swift in Sources */ = {isa = PBXBuildFile; fileRef = BFEB463D267503DA003004F0 /* SceneDelegate.swift */; };
		BFEB4640267503DA003004F0 /* BaseViewController.swift in Sources */ = {isa = PBXBuildFile; fileRef = BFEB463F267503DA003004F0 /* BaseViewController.swift */; };
		BFEB4643267503DA003004F0 /* Main.storyboard in Resources */ = {isa = PBXBuildFile; fileRef = BFEB4641267503DA003004F0 /* Main.storyboard */; };
		BFEB4645267503DD003004F0 /* Assets.xcassets in Resources */ = {isa = PBXBuildFile; fileRef = BFEB4644267503DD003004F0 /* Assets.xcassets */; };
		BFEB4648267503DD003004F0 /* LaunchScreen.storyboard in Resources */ = {isa = PBXBuildFile; fileRef = BFEB4646267503DD003004F0 /* LaunchScreen.storyboard */; };
		BFF5BB32267515A0005CA18D /* WeatherViewController.swift in Sources */ = {isa = PBXBuildFile; fileRef = BFF5BB31267515A0005CA18D /* WeatherViewController.swift */; };
		BFF5BB342675211C005CA18D /* Weather.swift in Sources */ = {isa = PBXBuildFile; fileRef = BFF5BB332675211C005CA18D /* Weather.swift */; };
		BFF5BB372675304F005CA18D /* WeatherRequest.swift in Sources */ = {isa = PBXBuildFile; fileRef = BFF5BB362675304F005CA18D /* WeatherRequest.swift */; };
		BFF5BB3926755BDF005CA18D /* ZipToLatLng.swift in Sources */ = {isa = PBXBuildFile; fileRef = BFF5BB3826755BDF005CA18D /* ZipToLatLng.swift */; };
		BFF5BB3B26757D17005CA18D /* ZipToLatLngRequest.swift in Sources */ = {isa = PBXBuildFile; fileRef = BFF5BB3A26757D17005CA18D /* ZipToLatLngRequest.swift */; };
/* End PBXBuildFile section */

/* Begin PBXFileReference section */
		BFEB4638267503D9003004F0 /* Weather.app */ = {isa = PBXFileReference; explicitFileType = wrapper.application; includeInIndex = 0; path = Weather.app; sourceTree = BUILT_PRODUCTS_DIR; };
		BFEB463B267503DA003004F0 /* AppDelegate.swift */ = {isa = PBXFileReference; lastKnownFileType = sourcecode.swift; path = AppDelegate.swift; sourceTree = "<group>"; };
		BFEB463D267503DA003004F0 /* SceneDelegate.swift */ = {isa = PBXFileReference; lastKnownFileType = sourcecode.swift; path = SceneDelegate.swift; sourceTree = "<group>"; };
		BFEB463F267503DA003004F0 /* BaseViewController.swift */ = {isa = PBXFileReference; lastKnownFileType = sourcecode.swift; path = BaseViewController.swift; sourceTree = "<group>"; };
		BFEB4642267503DA003004F0 /* Base */ = {isa = PBXFileReference; lastKnownFileType = file.storyboard; name = Base; path = Base.lproj/Main.storyboard; sourceTree = "<group>"; };
		BFEB4644267503DD003004F0 /* Assets.xcassets */ = {isa = PBXFileReference; lastKnownFileType = folder.assetcatalog; path = Assets.xcassets; sourceTree = "<group>"; };
		BFEB4647267503DD003004F0 /* Base */ = {isa = PBXFileReference; lastKnownFileType = file.storyboard; name = Base; path = Base.lproj/LaunchScreen.storyboard; sourceTree = "<group>"; };
		BFEB4649267503DD003004F0 /* Info.plist */ = {isa = PBXFileReference; lastKnownFileType = text.plist.xml; path = Info.plist; sourceTree = "<group>"; };
		BFF5BB31267515A0005CA18D /* WeatherViewController.swift */ = {isa = PBXFileReference; lastKnownFileType = sourcecode.swift; path = WeatherViewController.swift; sourceTree = "<group>"; };
		BFF5BB332675211C005CA18D /* Weather.swift */ = {isa = PBXFileReference; lastKnownFileType = sourcecode.swift; path = Weather.swift; sourceTree = "<group>"; };
		BFF5BB362675304F005CA18D /* WeatherRequest.swift */ = {isa = PBXFileReference; lastKnownFileType = sourcecode.swift; path = WeatherRequest.swift; sourceTree = "<group>"; };
		BFF5BB3826755BDF005CA18D /* ZipToLatLng.swift */ = {isa = PBXFileReference; lastKnownFileType = sourcecode.swift; path = ZipToLatLng.swift; sourceTree = "<group>"; };
		BFF5BB3A26757D17005CA18D /* ZipToLatLngRequest.swift */ = {isa = PBXFileReference; lastKnownFileType = sourcecode.swift; path = ZipToLatLngRequest.swift; sourceTree = "<group>"; };
/* End PBXFileReference section */

/* Begin PBXFrameworksBuildPhase section */
		BFEB4635267503D9003004F0 /* Frameworks */ = {
			isa = PBXFrameworksBuildPhase;
			buildActionMask = 2147483647;
			files = (
			);
			runOnlyForDeploymentPostprocessing = 0;
		};
/* End PBXFrameworksBuildPhase section */

/* Begin PBXGroup section */
		BFEB462F267503D9003004F0 = {
			isa = PBXGroup;
			children = (
				BFEB463A267503D9003004F0 /* Weather */,
				BFEB4639267503D9003004F0 /* Products */,
			);
			sourceTree = "<group>";
		};
		BFEB4639267503D9003004F0 /* Products */ = {
			isa = PBXGroup;
			children = (
				BFEB4638267503D9003004F0 /* Weather.app */,
			);
			name = Products;
			sourceTree = "<group>";
		};
		BFEB463A267503D9003004F0 /* Weather */ = {
			isa = PBXGroup;
			children = (
				BFF5BB402677DABF005CA18D /* Utils */,
				BFF5BB3526752122005CA18D /* Data */,
				BFF5BB3C2675C09A005CA18D /* View Controllers */,
				BFEB463B267503DA003004F0 /* AppDelegate.swift */,
				BFEB463D267503DA003004F0 /* SceneDelegate.swift */,
				BFEB4641267503DA003004F0 /* Main.storyboard */,
				BFEB4644267503DD003004F0 /* Assets.xcassets */,
				BFEB4646267503DD003004F0 /* LaunchScreen.storyboard */,
				BFEB4649267503DD003004F0 /* Info.plist */,
			);
			path = Weather;
			sourceTree = "<group>";
		};
		BFF5BB3526752122005CA18D /* Data */ = {
			isa = PBXGroup;
			children = (
				BFF5BB332675211C005CA18D /* Weather.swift */,
				BFF5BB362675304F005CA18D /* WeatherRequest.swift */,
				BFF5BB3826755BDF005CA18D /* ZipToLatLng.swift */,
				BFF5BB3A26757D17005CA18D /* ZipToLatLngRequest.swift */,
			);
			path = Data;
			sourceTree = "<group>";
		};
		BFF5BB3C2675C09A005CA18D /* View Controllers */ = {
			isa = PBXGroup;
			children = (
				BFEB463F267503DA003004F0 /* BaseViewController.swift */,
				BFF5BB31267515A0005CA18D /* WeatherViewController.swift */,
			);
			path = "View Controllers";
			sourceTree = "<group>";
		};
		BFF5BB402677DABF005CA18D /* Utils */ = {
			isa = PBXGroup;
			children = (
			);
			path = Utils;
			sourceTree = "<group>";
		};
/* End PBXGroup section */

/* Begin PBXNativeTarget section */
		BFEB4637267503D9003004F0 /* Weather */ = {
			isa = PBXNativeTarget;
			buildConfigurationList = BFEB464C267503DD003004F0 /* Build configuration list for PBXNativeTarget "Weather" */;
			buildPhases = (
				BFEB4634267503D9003004F0 /* Sources */,
				BFEB4635267503D9003004F0 /* Frameworks */,
				BFEB4636267503D9003004F0 /* Resources */,
			);
			buildRules = (
			);
			dependencies = (
			);
			name = Weather;
			productName = Weather;
			productReference = BFEB4638267503D9003004F0 /* Weather.app */;
			productType = "com.apple.product-type.application";
		};
/* End PBXNativeTarget section */

/* Begin PBXProject section */
		BFEB4630267503D9003004F0 /* Project object */ = {
			isa = PBXProject;
			attributes = {
				LastSwiftUpdateCheck = 1250;
				LastUpgradeCheck = 1250;
				TargetAttributes = {
					BFEB4637267503D9003004F0 = {
						CreatedOnToolsVersion = 12.5;
					};
				};
			};
			buildConfigurationList = BFEB4633267503D9003004F0 /* Build configuration list for PBXProject "Weather" */;
			compatibilityVersion = "Xcode 9.3";
			developmentRegion = en;
			hasScannedForEncodings = 0;
			knownRegions = (
				en,
				Base,
			);
			mainGroup = BFEB462F267503D9003004F0;
			productRefGroup = BFEB4639267503D9003004F0 /* Products */;
			projectDirPath = "";
			projectRoot = "";
			targets = (
				BFEB4637267503D9003004F0 /* Weather */,
			);
		};
/* End PBXProject section */

/* Begin PBXResourcesBuildPhase section */
		BFEB4636267503D9003004F0 /* Resources */ = {
			isa = PBXResourcesBuildPhase;
			buildActionMask = 2147483647;
			files = (
				BFEB4648267503DD003004F0 /* LaunchScreen.storyboard in Resources */,
				BFEB4645267503DD003004F0 /* Assets.xcassets in Resources */,
				BFEB4643267503DA003004F0 /* Main.storyboard in Resources */,
			);
			runOnlyForDeploymentPostprocessing = 0;
		};
/* End PBXResourcesBuildPhase section */

/* Begin PBXSourcesBuildPhase section */
		BFEB4634267503D9003004F0 /* Sources */ = {
			isa = PBXSourcesBuildPhase;
			buildActionMask = 2147483647;
			files = (
				BFF5BB372675304F005CA18D /* WeatherRequest.swift in Sources */,
				BFEB4640267503DA003004F0 /* BaseViewController.swift in Sources */,
				BFF5BB32267515A0005CA18D /* WeatherViewController.swift in Sources */,
				BFEB463C267503DA003004F0 /* AppDelegate.swift in Sources */,
				BFF5BB3B26757D17005CA18D /* ZipToLatLngRequest.swift in Sources */,
				BFF5BB3926755BDF005CA18D /* ZipToLatLng.swift in Sources */,
				BFEB463E267503DA003004F0 /* SceneDelegate.swift in Sources */,
				BFF5BB342675211C005CA18D /* Weather.swift in Sources */,
			);
			runOnlyForDeploymentPostprocessing = 0;
		};
/* End PBXSourcesBuildPhase section */

/* Begin PBXVariantGroup section */
		BFEB4641267503DA003004F0 /* Main.storyboard */ = {
			isa = PBXVariantGroup;
			children = (
				BFEB4642267503DA003004F0 /* Base */,
			);
			name = Main.storyboard;
			sourceTree = "<group>";
		};
		BFEB4646267503DD003004F0 /* LaunchScreen.storyboard */ = {
			isa = PBXVariantGroup;
			children = (
				BFEB4647267503DD003004F0 /* Base */,
			);
			name = LaunchScreen.storyboard;
			sourceTree = "<group>";
		};
/* End PBXVariantGroup section */

/* Begin XCBuildConfiguration section */
		BFEB464A267503DD003004F0 /* Debug */ = {
			isa = XCBuildConfiguration;
			buildSettings = {
				ALWAYS_SEARCH_USER_PATHS = NO;
				CLANG_ANALYZER_NONNULL = YES;
				CLANG_ANALYZER_NUMBER_OBJECT_CONVERSION = YES_AGGRESSIVE;
				CLANG_CXX_LANGUAGE_STANDARD = "gnu++14";
				CLANG_CXX_LIBRARY = "libc++";
				CLANG_ENABLE_MODULES = YES;
				CLANG_ENABLE_OBJC_ARC = YES;
				CLANG_ENABLE_OBJC_WEAK = YES;
				CLANG_WARN_BLOCK_CAPTURE_AUTORELEASING = YES;
				CLANG_WARN_BOOL_CONVERSION = YES;
				CLANG_WARN_COMMA = YES;
				CLANG_WARN_CONSTANT_CONVERSION = YES;
				CLANG_WARN_DEPRECATED_OBJC_IMPLEMENTATIONS = YES;
				CLANG_WARN_DIRECT_OBJC_ISA_USAGE = YES_ERROR;
				CLANG_WARN_DOCUMENTATION_COMMENTS = YES;
				CLANG_WARN_EMPTY_BODY = YES;
				CLANG_WARN_ENUM_CONVERSION = YES;
				CLANG_WARN_INFINITE_RECURSION = YES;
				CLANG_WARN_INT_CONVERSION = YES;
				CLANG_WARN_NON_LITERAL_NULL_CONVERSION = YES;
				CLANG_WARN_OBJC_IMPLICIT_RETAIN_SELF = YES;
				CLANG_WARN_OBJC_LITERAL_CONVERSION = YES;
				CLANG_WARN_OBJC_ROOT_CLASS = YES_ERROR;
				CLANG_WARN_QUOTED_INCLUDE_IN_FRAMEWORK_HEADER = YES;
				CLANG_WARN_RANGE_LOOP_ANALYSIS = YES;
				CLANG_WARN_STRICT_PROTOTYPES = YES;
				CLANG_WARN_SUSPICIOUS_MOVE = YES;
				CLANG_WARN_UNGUARDED_AVAILABILITY = YES_AGGRESSIVE;
				CLANG_WARN_UNREACHABLE_CODE = YES;
				CLANG_WARN__DUPLICATE_METHOD_MATCH = YES;
				COPY_PHASE_STRIP = NO;
				DEBUG_INFORMATION_FORMAT = dwarf;
				ENABLE_STRICT_OBJC_MSGSEND = YES;
				ENABLE_TESTABILITY = YES;
				GCC_C_LANGUAGE_STANDARD = gnu11;
				GCC_DYNAMIC_NO_PIC = NO;
				GCC_NO_COMMON_BLOCKS = YES;
				GCC_OPTIMIZATION_LEVEL = 0;
				GCC_PREPROCESSOR_DEFINITIONS = (
					"DEBUG=1",
					"$(inherited)",
				);
				GCC_WARN_64_TO_32_BIT_CONVERSION = YES;
				GCC_WARN_ABOUT_RETURN_TYPE = YES_ERROR;
				GCC_WARN_UNDECLARED_SELECTOR = YES;
				GCC_WARN_UNINITIALIZED_AUTOS = YES_AGGRESSIVE;
				GCC_WARN_UNUSED_FUNCTION = YES;
				GCC_WARN_UNUSED_VARIABLE = YES;
				IPHONEOS_DEPLOYMENT_TARGET = 14.5;
				MTL_ENABLE_DEBUG_INFO = INCLUDE_SOURCE;
				MTL_FAST_MATH = YES;
				ONLY_ACTIVE_ARCH = YES;
				SDKROOT = iphoneos;
				SWIFT_ACTIVE_COMPILATION_CONDITIONS = DEBUG;
				SWIFT_OPTIMIZATION_LEVEL = "-Onone";
			};
			name = Debug;
		};
		BFEB464B267503DD003004F0 /* Release */ = {
			isa = XCBuildConfiguration;
			buildSettings = {
				ALWAYS_SEARCH_USER_PATHS = NO;
				CLANG_ANALYZER_NONNULL = YES;
				CLANG_ANALYZER_NUMBER_OBJECT_CONVERSION = YES_AGGRESSIVE;
				CLANG_CXX_LANGUAGE_STANDARD = "gnu++14";
				CLANG_CXX_LIBRARY = "libc++";
				CLANG_ENABLE_MODULES = YES;
				CLANG_ENABLE_OBJC_ARC = YES;
				CLANG_ENABLE_OBJC_WEAK = YES;
				CLANG_WARN_BLOCK_CAPTURE_AUTORELEASING = YES;
				CLANG_WARN_BOOL_CONVERSION = YES;
				CLANG_WARN_COMMA = YES;
				CLANG_WARN_CONSTANT_CONVERSION = YES;
				CLANG_WARN_DEPRECATED_OBJC_IMPLEMENTATIONS = YES;
				CLANG_WARN_DIRECT_OBJC_ISA_USAGE = YES_ERROR;
				CLANG_WARN_DOCUMENTATION_COMMENTS = YES;
				CLANG_WARN_EMPTY_BODY = YES;
				CLANG_WARN_ENUM_CONVERSION = YES;
				CLANG_WARN_INFINITE_RECURSION = YES;
				CLANG_WARN_INT_CONVERSION = YES;
				CLANG_WARN_NON_LITERAL_NULL_CONVERSION = YES;
				CLANG_WARN_OBJC_IMPLICIT_RETAIN_SELF = YES;
				CLANG_WARN_OBJC_LITERAL_CONVERSION = YES;
				CLANG_WARN_OBJC_ROOT_CLASS = YES_ERROR;
				CLANG_WARN_QUOTED_INCLUDE_IN_FRAMEWORK_HEADER = YES;
				CLANG_WARN_RANGE_LOOP_ANALYSIS = YES;
				CLANG_WARN_STRICT_PROTOTYPES = YES;
				CLANG_WARN_SUSPICIOUS_MOVE = YES;
				CLANG_WARN_UNGUARDED_AVAILABILITY = YES_AGGRESSIVE;
				CLANG_WARN_UNREACHABLE_CODE = YES;
				CLANG_WARN__DUPLICATE_METHOD_MATCH = YES;
				COPY_PHASE_STRIP = NO;
				DEBUG_INFORMATION_FORMAT = "dwarf-with-dsym";
				ENABLE_NS_ASSERTIONS = NO;
				ENABLE_STRICT_OBJC_MSGSEND = YES;
				GCC_C_LANGUAGE_STANDARD = gnu11;
				GCC_NO_COMMON_BLOCKS = YES;
				GCC_WARN_64_TO_32_BIT_CONVERSION = YES;
				GCC_WARN_ABOUT_RETURN_TYPE = YES_ERROR;
				GCC_WARN_UNDECLARED_SELECTOR = YES;
				GCC_WARN_UNINITIALIZED_AUTOS = YES_AGGRESSIVE;
				GCC_WARN_UNUSED_FUNCTION = YES;
				GCC_WARN_UNUSED_VARIABLE = YES;
				IPHONEOS_DEPLOYMENT_TARGET = 14.5;
				MTL_ENABLE_DEBUG_INFO = NO;
				MTL_FAST_MATH = YES;
				SDKROOT = iphoneos;
				SWIFT_COMPILATION_MODE = wholemodule;
				SWIFT_OPTIMIZATION_LEVEL = "-O";
				VALIDATE_PRODUCT = YES;
			};
			name = Release;
		};
		BFEB464D267503DD003004F0 /* Debug */ = {
			isa = XCBuildConfiguration;
			buildSettings = {
				ASSETCATALOG_COMPILER_APPICON_NAME = AppIcon;
				ASSETCATALOG_COMPILER_GLOBAL_ACCENT_COLOR_NAME = AccentColor;
				CODE_SIGN_STYLE = Automatic;
				DEVELOPMENT_TEAM = E2S8Q7M44P;
				INFOPLIST_FILE = Weather/Info.plist;
				LD_RUNPATH_SEARCH_PATHS = (
					"$(inherited)",
					"@executable_path/Frameworks",
				);
				PRODUCT_BUNDLE_IDENTIFIER = com.schils.Weather;
				PRODUCT_NAME = "$(TARGET_NAME)";
				SWIFT_VERSION = 5.0;
				TARGETED_DEVICE_FAMILY = "1,2";
			};
			name = Debug;
		};
		BFEB464E267503DD003004F0 /* Release */ = {
			isa = XCBuildConfiguration;
			buildSettings = {
				ASSETCATALOG_COMPILER_APPICON_NAME = AppIcon;
				ASSETCATALOG_COMPILER_GLOBAL_ACCENT_COLOR_NAME = AccentColor;
				CODE_SIGN_STYLE = Automatic;
				DEVELOPMENT_TEAM = E2S8Q7M44P;
				INFOPLIST_FILE = Weather/Info.plist;
				LD_RUNPATH_SEARCH_PATHS = (
					"$(inherited)",
					"@executable_path/Frameworks",
				);
				PRODUCT_BUNDLE_IDENTIFIER = com.schils.Weather;
				PRODUCT_NAME = "$(TARGET_NAME)";
				SWIFT_VERSION = 5.0;
				TARGETED_DEVICE_FAMILY = "1,2";
			};
			name = Release;
		};
/* End XCBuildConfiguration section */

/* Begin XCConfigurationList section */
		BFEB4633267503D9003004F0 /* Build configuration list for PBXProject "Weather" */ = {
			isa = XCConfigurationList;
			buildConfigurations = (
				BFEB464A267503DD003004F0 /* Debug */,
				BFEB464B267503DD003004F0 /* Release */,
			);
			defaultConfigurationIsVisible = 0;
			defaultConfigurationName = Release;
		};
		BFEB464C267503DD003004F0 /* Build configuration list for PBXNativeTarget "Weather" */ = {
			isa = XCConfigurationList;
			buildConfigurations = (
				BFEB464D267503DD003004F0 /* Debug */,
				BFEB464E267503DD003004F0 /* Release */,
			);
			defaultConfigurationIsVisible = 0;
			defaultConfigurationName = Release;
		};
/* End XCConfigurationList section */
	};
	rootObject = BFEB4630267503D9003004F0 /* Project object */;
}
